
Microsoft Visual Studio Solution File, Format Version 12.00
# Visual Studio Version 17
VisualStudioVersion = 17.2.32526.322
MinimumVisualStudioVersion = 10.0.40219.1
Project("{FAE04EC0-301F-11D3-BF4B-00C04F79EFBC}") = "Jogo da velha", "Jogo da velha\Jogo da velha.csproj", "{DA965918-508A-45A8-AC4C-259257B5CF93}"
EndProject
Global
	GlobalSection(SolutionConfigurationPlatforms) = preSolution
		Debug|Any CPU = Debug|Any CPU
		Release|Any CPU = Release|Any CPU
	EndGlobalSection
	GlobalSection(ProjectConfigurationPlatforms) = postSolution
		{DA965918-508A-45A8-AC4C-259257B5CF93}.Debug|Any CPU.ActiveCfg = Debug|Any CPU
		{DA965918-508A-45A8-AC4C-259257B5CF93}.Debug|Any CPU.Build.0 = Debug|Any CPU
		{DA965918-508A-45A8-AC4C-259257B5CF93}.Release|Any CPU.ActiveCfg = Release|Any CPU
		{DA965918-508A-45A8-AC4C-259257B5CF93}.Release|Any CPU.Build.0 = Release|Any CPU
	EndGlobalSection
	GlobalSection(SolutionProperties) = preSolution
		HideSolutionNode = FALSE
	EndGlobalSection
	GlobalSection(ExtensibilityGlobals) = postSolution
		SolutionGuid = {8C04ECAF-A5F9-4A00-A1B7-6AA5FAF0CDA0}
	EndGlobalSection
EndGlobal
